schema: '2.0'
stages:
  generate:
    cmd: python -m simplex_warmstart.stages.generate
    deps:
    - path: src/simplex_warmstart/chemistry.py
      hash: md5
      md5: 1c5f22262dccc4a9b7369bf41fbaf414
      size: 1738
    - path: src/simplex_warmstart/simulate.py
      hash: md5
      md5: 9ef4cd1ba07ac761e988aaa127687b01
      size: 4110
    - path: src/simplex_warmstart/stages/generate.py
      hash: md5
      md5: b2ffbe709d93eb4e82a53eae4ba0b229
      size: 667
    params:
      params.yaml:
        data:
          batch_id: 0
          n_studies: 120
          seed: 0
          families:
          - esters
          - silicones
    outs:
    - path: data/raw/experiments.parquet
      hash: md5
      md5: 333f0927bd3bbbd8dfc86560f091b492
      size: 62492
  validate:
    cmd: python -m simplex_warmstart.stages.validate
    deps:
    - path: data/raw/experiments.parquet
      hash: md5
      md5: 333f0927bd3bbbd8dfc86560f091b492
      size: 62492
    - path: src/simplex_warmstart/schemas.py
      hash: md5
      md5: 92565a645365ec247d2f8b51cd7ebdfb
      size: 1547
    - path: src/simplex_warmstart/splits.py
      hash: md5
      md5: caa7335fc43f34064ebdef85fa563395
      size: 1098
    - path: src/simplex_warmstart/stages/validate.py
      hash: md5
      md5: 69799a945ab3a2049e8cea6f1da47bdf
      size: 1051
    params:
      params.yaml:
        split:
          val_fraction: 0.15
          test_fraction: 0.15
          seed: 17
    outs:
    - path: data/processed/experiments.parquet
      hash: md5
      md5: d04bfc32df1fa951989ae16c02e498b4
      size: 63104
  train:
    cmd: python -m simplex_warmstart.stages.train
    deps:
    - path: data/processed/experiments.parquet
      hash: md5
      md5: d04bfc32df1fa951989ae16c02e498b4
      size: 63104
    - path: src/simplex_warmstart/features.py
      hash: md5
      md5: 9246cf20d157ba2a5a8ce59822ad0138
      size: 2980
    - path: src/simplex_warmstart/model.py
      hash: md5
      md5: d70f6bce28fc0f1bdda2fddfa2b493ad
      size: 752
    - path: src/simplex_warmstart/stages/train.py
      hash: md5
      md5: 71c574e8784d3d58a5ab5214ad1cc95c
      size: 2778
    params:
      params.yaml:
        model:
          hidden:
          - 64
          - 64
          dropout: 0.0
        train:
          epochs: 150
          batch_size: 256
          lr: 0.01
          weight_decay: 0.0001
          seed: 42
          augment_permutations: true
    outs:
    - path: metrics/train.json
      hash: md5
      md5: bb577ba19e4c7dc3079a9052f7590ca6
      size: 44
    - path: models/metadata.json
      hash: md5
      md5: 1ca0ef22e71179d2829fc5cccbbaab03
      size: 940
    - path: models/model.pt
      hash: md5
      md5: a9644a299ebd82780a7662aac0dbfd2d
      size: 22205
  evaluate:
    cmd: python -m simplex_warmstart.stages.evaluate
    deps:
    - path: data/processed/experiments.parquet
      hash: md5
      md5: d04bfc32df1fa951989ae16c02e498b4
      size: 63104
    - path: models/metadata.json
      hash: md5
      md5: 1ca0ef22e71179d2829fc5cccbbaab03
      size: 940
    - path: models/model.pt
      hash: md5
      md5: a9644a299ebd82780a7662aac0dbfd2d
      size: 22205
    - path: src/simplex_warmstart/stages/evaluate.py
      hash: md5
      md5: efddb38827ca340395035b625a503f47
      size: 1804
    outs:
    - path: metrics/eval.json
      hash: md5
      md5: ab52c0913d3ea02366d9dc05dddcc1f9
      size: 366
  gate:
    cmd: python -m simplex_warmstart.stages.gate
    deps:
    - path: metrics/eval.json
      hash: md5
      md5: ab52c0913d3ea02366d9dc05dddcc1f9
      size: 366
    - path: src/simplex_warmstart/stages/gate.py
      hash: md5
      md5: 7b9bbef4e89b463c25ec570224ba9df1
      size: 1800
    params:
      params.yaml:
        gates:
          max_test_rmse: 0.19
          min_test_r2: 0.9
          max_family_rmse_gap: 0.1
    outs:
    - path: metrics/gate.json
      hash: md5
      md5: 508f08dc904ff0c90d32f454f7dc1587
      size: 431
